
Microsoft Visual Studio Solution File, Format Version 12.00
# Visual Studio 15
VisualStudioVersion = 15.0.28307.106
MinimumVisualStudioVersion = 10.0.40219.1
Project("{FAE04EC0-301F-11D3-BF4B-00C04F79EFBC}") = "PersonalProject", "PersonalProject\PersonalProject.csproj", "{274EAD95-B57C-4294-B4AC-D7B817E0F204}"
EndProject
Global
	GlobalSection(SolutionConfigurationPlatforms) = preSolution
		Debug|Any CPU = Debug|Any CPU
		Release|Any CPU = Release|Any CPU
	EndGlobalSection
	GlobalSection(ProjectConfigurationPlatforms) = postSolution
		{274EAD95-B57C-4294-B4AC-D7B817E0F204}.Debug|Any CPU.ActiveCfg = Debug|Any CPU
		{274EAD95-B57C-4294-B4AC-D7B817E0F204}.Debug|Any CPU.Build.0 = Debug|Any CPU
		{274EAD95-B57C-4294-B4AC-D7B817E0F204}.Release|Any CPU.ActiveCfg = Release|Any CPU
		{274EAD95-B57C-4294-B4AC-D7B817E0F204}.Release|Any CPU.Build.0 = Release|Any CPU
	EndGlobalSection
	GlobalSection(SolutionProperties) = preSolution
		HideSolutionNode = FALSE
	EndGlobalSection
	GlobalSection(ExtensibilityGlobals) = postSolution
		SolutionGuid = {1DCEBDE8-0C87-4DEA-85D5-72AE0AA90E18}
	EndGlobalSection
EndGlobal
